
Microsoft Visual Studio Solution File, Format Version 12.00
# Visual Studio Version 16
VisualStudioVersion = 16.0.30804.86
MinimumVisualStudioVersion = 10.0.40219.1
Project("{9A19103F-16F7-4668-BE54-9A1E7A4F7556}") = "CTRL.Portal.API", "CTRL.Portal.API\CTRL.Portal.API.csproj", "{51028E6F-C2D4-4693-B58B-1569210CE0B1}"
EndProject
Project("{FAE04EC0-301F-11D3-BF4B-00C04F79EFBC}") = "CTRL.Portal.Data", "CTRL.Portal.Data\CTRL.Portal.Data.csproj", "{30A82102-2788-46A9-8D96-F603B753BB24}"
EndProject
Global
	GlobalSection(SolutionConfigurationPlatforms) = preSolution
		Debug|Any CPU = Debug|Any CPU
		Development|Any CPU = Development|Any CPU
		Release|Any CPU = Release|Any CPU
	EndGlobalSection
	GlobalSection(ProjectConfigurationPlatforms) = postSolution
		{51028E6F-C2D4-4693-B58B-1569210CE0B1}.Debug|Any CPU.ActiveCfg = Debug|Any CPU
		{51028E6F-C2D4-4693-B58B-1569210CE0B1}.Debug|Any CPU.Build.0 = Debug|Any CPU
		{51028E6F-C2D4-4693-B58B-1569210CE0B1}.Development|Any CPU.ActiveCfg = Release|Any CPU
		{51028E6F-C2D4-4693-B58B-1569210CE0B1}.Release|Any CPU.ActiveCfg = Release|Any CPU
		{51028E6F-C2D4-4693-B58B-1569210CE0B1}.Release|Any CPU.Build.0 = Release|Any CPU
		{30A82102-2788-46A9-8D96-F603B753BB24}.Debug|Any CPU.ActiveCfg = Debug|Any CPU
		{30A82102-2788-46A9-8D96-F603B753BB24}.Debug|Any CPU.Build.0 = Debug|Any CPU
		{30A82102-2788-46A9-8D96-F603B753BB24}.Development|Any CPU.ActiveCfg = Debug|Any CPU
		{30A82102-2788-46A9-8D96-F603B753BB24}.Development|Any CPU.Build.0 = Debug|Any CPU
		{30A82102-2788-46A9-8D96-F603B753BB24}.Release|Any CPU.ActiveCfg = Release|Any CPU
		{30A82102-2788-46A9-8D96-F603B753BB24}.Release|Any CPU.Build.0 = Release|Any CPU
	EndGlobalSection
	GlobalSection(SolutionProperties) = preSolution
		HideSolutionNode = FALSE
	EndGlobalSection
	GlobalSection(ExtensibilityGlobals) = postSolution
		SolutionGuid = {E1C5A1F8-14FE-49B7-BC03-CCED2E8CD069}
	EndGlobalSection
EndGlobal
